
Microsoft Visual Studio Solution File, Format Version 12.00
# Visual Studio 15
VisualStudioVersion = 15.0.28307.168
MinimumVisualStudioVersion = 10.0.40219.1
Project("{2150E333-8FDC-42A3-9474-1A3956D46DE8}") = "Solution Items", "Solution Items", "{83F7C456-D939-4C9D-BB16-D6E4B2F4C12B}"
	ProjectSection(SolutionItems) = preProject
		Errors And Solutions.txt = Errors And Solutions.txt
		Introduction.txt = Introduction.txt
	EndProjectSection
EndProject
Project("{FAE04EC0-301F-11D3-BF4B-00C04F79EFBC}") = "MasterPagesThemesAndCaching", "MasterPagesThemesAndCaching\MasterPagesThemesAndCaching.csproj", "{5CF55AD5-CA74-4657-A817-6E253FF0858F}"
EndProject
Project("{FAE04EC0-301F-11D3-BF4B-00C04F79EFBC}") = "HandlingEventsAndManagingStates", "HandlingEventsAndManagingStates\HandlingEventsAndManagingStates.csproj", "{C244F10F-2A06-4848-9932-69D61FEEC0B1}"
EndProject
Project("{FAE04EC0-301F-11D3-BF4B-00C04F79EFBC}") = "UsingServerControls", "UsingServerControls\UsingServerControls.csproj", "{375C9C15-C5F4-44E8-AFC7-7B48D8B22218}"
EndProject
Project("{FAE04EC0-301F-11D3-BF4B-00C04F79EFBC}") = "InputValidationAndSiteNavigation", "InputValidationAndSiteNavigation\InputValidationAndSiteNavigation.csproj", "{75CEB089-89DB-4A3D-82EE-DBB0BABEDDF7}"
EndProject
Project("{FAE04EC0-301F-11D3-BF4B-00C04F79EFBC}") = "CreatingCustomWebControls", "CreatingCustomWebControls\CreatingCustomWebControls.csproj", "{5DE3A18B-5094-4B76-99D5-E4C783875585}"
EndProject
Project("{FAE04EC0-301F-11D3-BF4B-00C04F79EFBC}") = "ServerControl", "ServerControl\ServerControl.csproj", "{075ADB41-3159-41CB-BE12-D51D7B785017}"
EndProject
Project("{FAE04EC0-301F-11D3-BF4B-00C04F79EFBC}") = "CompositeServerControl", "CompositeControl\CompositeServerControl.csproj", "{6DE8C437-EBB9-449A-A9CF-5D4FFDC700D2}"
EndProject
Project("{FAE04EC0-301F-11D3-BF4B-00C04F79EFBC}") = "TemplatedCustomWebServerControl", "TemplatedCustomWebServerControl\TemplatedCustomWebServerControl.csproj", "{BF22AC1C-5D52-489E-88AA-2883F7169A62}"
EndProject
Project("{FAE04EC0-301F-11D3-BF4B-00C04F79EFBC}") = "GlobalizationAndAccessibility", "Globalization\GlobalizationAndAccessibility.csproj", "{8B2E0567-75C2-4370-B13B-328E2D08A85B}"
EndProject
Project("{FAE04EC0-301F-11D3-BF4B-00C04F79EFBC}") = "DebuggingAndDeploying", "DebuggingAndDeploying\DebuggingAndDeploying.csproj", "{00D71BB5-B354-4FD7-9801-E92BD6662E59}"
EndProject
Project("{FAE04EC0-301F-11D3-BF4B-00C04F79EFBC}") = "UsingScriptingClientSideAjaxAndJquery", "UsingScriptingClientSideAjaxAndJquery\UsingScriptingClientSideAjaxAndJquery.csproj", "{A26554CE-E3AE-4D66-A691-1ADA69E0BC52}"
EndProject
Global
	GlobalSection(SolutionConfigurationPlatforms) = preSolution
		Debug|Any CPU = Debug|Any CPU
		Release|Any CPU = Release|Any CPU
	EndGlobalSection
	GlobalSection(ProjectConfigurationPlatforms) = postSolution
		{5CF55AD5-CA74-4657-A817-6E253FF0858F}.Debug|Any CPU.ActiveCfg = Debug|Any CPU
		{5CF55AD5-CA74-4657-A817-6E253FF0858F}.Debug|Any CPU.Build.0 = Debug|Any CPU
		{5CF55AD5-CA74-4657-A817-6E253FF0858F}.Release|Any CPU.ActiveCfg = Release|Any CPU
		{5CF55AD5-CA74-4657-A817-6E253FF0858F}.Release|Any CPU.Build.0 = Release|Any CPU
		{C244F10F-2A06-4848-9932-69D61FEEC0B1}.Debug|Any CPU.ActiveCfg = Debug|Any CPU
		{C244F10F-2A06-4848-9932-69D61FEEC0B1}.Debug|Any CPU.Build.0 = Debug|Any CPU
		{C244F10F-2A06-4848-9932-69D61FEEC0B1}.Release|Any CPU.ActiveCfg = Release|Any CPU
		{C244F10F-2A06-4848-9932-69D61FEEC0B1}.Release|Any CPU.Build.0 = Release|Any CPU
		{375C9C15-C5F4-44E8-AFC7-7B48D8B22218}.Debug|Any CPU.ActiveCfg = Debug|Any CPU
		{375C9C15-C5F4-44E8-AFC7-7B48D8B22218}.Debug|Any CPU.Build.0 = Debug|Any CPU
		{375C9C15-C5F4-44E8-AFC7-7B48D8B22218}.Release|Any CPU.ActiveCfg = Release|Any CPU
		{375C9C15-C5F4-44E8-AFC7-7B48D8B22218}.Release|Any CPU.Build.0 = Release|Any CPU
		{75CEB089-89DB-4A3D-82EE-DBB0BABEDDF7}.Debug|Any CPU.ActiveCfg = Debug|Any CPU
		{75CEB089-89DB-4A3D-82EE-DBB0BABEDDF7}.Debug|Any CPU.Build.0 = Debug|Any CPU
		{75CEB089-89DB-4A3D-82EE-DBB0BABEDDF7}.Release|Any CPU.ActiveCfg = Release|Any CPU
		{75CEB089-89DB-4A3D-82EE-DBB0BABEDDF7}.Release|Any CPU.Build.0 = Release|Any CPU
		{5DE3A18B-5094-4B76-99D5-E4C783875585}.Debug|Any CPU.ActiveCfg = Debug|Any CPU
		{5DE3A18B-5094-4B76-99D5-E4C783875585}.Debug|Any CPU.Build.0 = Debug|Any CPU
		{5DE3A18B-5094-4B76-99D5-E4C783875585}.Release|Any CPU.ActiveCfg = Release|Any CPU
		{5DE3A18B-5094-4B76-99D5-E4C783875585}.Release|Any CPU.Build.0 = Release|Any CPU
		{075ADB41-3159-41CB-BE12-D51D7B785017}.Debug|Any CPU.ActiveCfg = Debug|Any CPU
		{075ADB41-3159-41CB-BE12-D51D7B785017}.Debug|Any CPU.Build.0 = Debug|Any CPU
		{075ADB41-3159-41CB-BE12-D51D7B785017}.Release|Any CPU.ActiveCfg = Release|Any CPU
		{075ADB41-3159-41CB-BE12-D51D7B785017}.Release|Any CPU.Build.0 = Release|Any CPU
		{6DE8C437-EBB9-449A-A9CF-5D4FFDC700D2}.Debug|Any CPU.ActiveCfg = Debug|Any CPU
		{6DE8C437-EBB9-449A-A9CF-5D4FFDC700D2}.Debug|Any CPU.Build.0 = Debug|Any CPU
		{6DE8C437-EBB9-449A-A9CF-5D4FFDC700D2}.Release|Any CPU.ActiveCfg = Release|Any CPU
		{6DE8C437-EBB9-449A-A9CF-5D4FFDC700D2}.Release|Any CPU.Build.0 = Release|Any CPU
		{BF22AC1C-5D52-489E-88AA-2883F7169A62}.Debug|Any CPU.ActiveCfg = Debug|Any CPU
		{BF22AC1C-5D52-489E-88AA-2883F7169A62}.Debug|Any CPU.Build.0 = Debug|Any CPU
		{BF22AC1C-5D52-489E-88AA-2883F7169A62}.Release|Any CPU.ActiveCfg = Release|Any CPU
		{BF22AC1C-5D52-489E-88AA-2883F7169A62}.Release|Any CPU.Build.0 = Release|Any CPU
		{8B2E0567-75C2-4370-B13B-328E2D08A85B}.Debug|Any CPU.ActiveCfg = Debug|Any CPU
		{8B2E0567-75C2-4370-B13B-328E2D08A85B}.Debug|Any CPU.Build.0 = Debug|Any CPU
		{8B2E0567-75C2-4370-B13B-328E2D08A85B}.Release|Any CPU.ActiveCfg = Release|Any CPU
		{8B2E0567-75C2-4370-B13B-328E2D08A85B}.Release|Any CPU.Build.0 = Release|Any CPU
		{00D71BB5-B354-4FD7-9801-E92BD6662E59}.Debug|Any CPU.ActiveCfg = Debug|Any CPU
		{00D71BB5-B354-4FD7-9801-E92BD6662E59}.Debug|Any CPU.Build.0 = Debug|Any CPU
		{00D71BB5-B354-4FD7-9801-E92BD6662E59}.Release|Any CPU.ActiveCfg = Release|Any CPU
		{00D71BB5-B354-4FD7-9801-E92BD6662E59}.Release|Any CPU.Build.0 = Release|Any CPU
		{A26554CE-E3AE-4D66-A691-1ADA69E0BC52}.Debug|Any CPU.ActiveCfg = Debug|Any CPU
		{A26554CE-E3AE-4D66-A691-1ADA69E0BC52}.Debug|Any CPU.Build.0 = Debug|Any CPU
		{A26554CE-E3AE-4D66-A691-1ADA69E0BC52}.Release|Any CPU.ActiveCfg = Release|Any CPU
		{A26554CE-E3AE-4D66-A691-1ADA69E0BC52}.Release|Any CPU.Build.0 = Release|Any CPU
	EndGlobalSection
	GlobalSection(SolutionProperties) = preSolution
		HideSolutionNode = FALSE
	EndGlobalSection
	GlobalSection(ExtensibilityGlobals) = postSolution
		SolutionGuid = {A155AE80-E0CA-434F-82F1-6C9032F2C08B}
	EndGlobalSection
EndGlobal
