
Microsoft Visual Studio Solution File, Format Version 12.00
# Visual Studio 15
VisualStudioVersion = 15.0.28307.168
MinimumVisualStudioVersion = 10.0.40219.1
Project("{2150E333-8FDC-42A3-9474-1A3956D46DE8}") = "Solution Items", "Solution Items", "{83F7C456-D939-4C9D-BB16-D6E4B2F4C12B}"
	ProjectSection(SolutionItems) = preProject
		Errors And Solutions.txt = Errors And Solutions.txt
		Introduction.txt = Introduction.txt
	EndProjectSection
EndProject
Project("{FAE04EC0-301F-11D3-BF4B-00C04F79EFBC}") = "MasterPagesThemesAndCaching", "MasterPagesThemesAndCaching\MasterPagesThemesAndCaching.csproj", "{5CF55AD5-CA74-4657-A817-6E253FF0858F}"
EndProject
Global
	GlobalSection(SolutionConfigurationPlatforms) = preSolution
		Debug|Any CPU = Debug|Any CPU
		Release|Any CPU = Release|Any CPU
	EndGlobalSection
	GlobalSection(ProjectConfigurationPlatforms) = postSolution
		{5CF55AD5-CA74-4657-A817-6E253FF0858F}.Debug|Any CPU.ActiveCfg = Debug|Any CPU
		{5CF55AD5-CA74-4657-A817-6E253FF0858F}.Debug|Any CPU.Build.0 = Debug|Any CPU
		{5CF55AD5-CA74-4657-A817-6E253FF0858F}.Release|Any CPU.ActiveCfg = Release|Any CPU
		{5CF55AD5-CA74-4657-A817-6E253FF0858F}.Release|Any CPU.Build.0 = Release|Any CPU
	EndGlobalSection
	GlobalSection(SolutionProperties) = preSolution
		HideSolutionNode = FALSE
	EndGlobalSection
	GlobalSection(ExtensibilityGlobals) = postSolution
		SolutionGuid = {A155AE80-E0CA-434F-82F1-6C9032F2C08B}
	EndGlobalSection
EndGlobal
